{
  "name": "purl-grammar-tests-apg",
  "version": "1.0.0",
  "lockfileVersion": 3,
  "requires": true,
  "packages": {
    "": {
      "name": "purl-grammar-tests-apg",
      "version": "1.0.0",
      "license": "MIT",
      "dependencies": {
        "apg-js": "^4.4.0"
      },
      "engines": {
        "node": ">=18"
      }
    },
    "node_modules/apg-js": {
      "version": "4.4.0",
      "resolved": "https://registry.npmjs.org/apg-js/-/apg-js-4.4.0.tgz",
      "integrity": "sha512-fefmXFknJmtgtNEXfPwZKYkMFX4Fyeyz+fNF6JWp87biGOPslJbCBVU158zvKRZfHBKnJDy8CMM40oLFGkXT8Q==",
      "license": "BSD-2-Clause"
    }
  }
}
